
Microsoft Visual Studio Solution File, Format Version 12.00
# Visual Studio Version 17
VisualStudioVersion = 17.5.33627.172
MinimumVisualStudioVersion = 10.0.40219.1
Project("{FAE04EC0-301F-11D3-BF4B-00C04F79EFBC}") = "degree two", "degree two\degree two.csproj", "{DF8912D9-C237-4683-8398-EE59102EAE93}"
EndProject
Global
	GlobalSection(SolutionConfigurationPlatforms) = preSolution
		Debug|Any CPU = Debug|Any CPU
		Release|Any CPU = Release|Any CPU
	EndGlobalSection
	GlobalSection(ProjectConfigurationPlatforms) = postSolution
		{DF8912D9-C237-4683-8398-EE59102EAE93}.Debug|Any CPU.ActiveCfg = Debug|Any CPU
		{DF8912D9-C237-4683-8398-EE59102EAE93}.Debug|Any CPU.Build.0 = Debug|Any CPU
		{DF8912D9-C237-4683-8398-EE59102EAE93}.Release|Any CPU.ActiveCfg = Release|Any CPU
		{DF8912D9-C237-4683-8398-EE59102EAE93}.Release|Any CPU.Build.0 = Release|Any CPU
	EndGlobalSection
	GlobalSection(SolutionProperties) = preSolution
		HideSolutionNode = FALSE
	EndGlobalSection
	GlobalSection(ExtensibilityGlobals) = postSolution
		SolutionGuid = {BA57B6B2-5900-4641-A0FA-CBE029D84FA8}
	EndGlobalSection
EndGlobal
